
Microsoft Visual Studio Solution File, Format Version 12.00
# Visual Studio Version 17
VisualStudioVersion = 17.7.34003.232
MinimumVisualStudioVersion = 10.0.40219.1
Project("{FAE04EC0-301F-11D3-BF4B-00C04F79EFBC}") = "TA31_api_sgallego", "TA31_api_sgallego.csproj", "{0FC298CF-AAFE-49BC-91FE-4BF971A340A5}"
EndProject
Global
	GlobalSection(SolutionConfigurationPlatforms) = preSolution
		Debug|Any CPU = Debug|Any CPU
		Release|Any CPU = Release|Any CPU
	EndGlobalSection
	GlobalSection(ProjectConfigurationPlatforms) = postSolution
		{0FC298CF-AAFE-49BC-91FE-4BF971A340A5}.Debug|Any CPU.ActiveCfg = Debug|Any CPU
		{0FC298CF-AAFE-49BC-91FE-4BF971A340A5}.Debug|Any CPU.Build.0 = Debug|Any CPU
		{0FC298CF-AAFE-49BC-91FE-4BF971A340A5}.Release|Any CPU.ActiveCfg = Release|Any CPU
		{0FC298CF-AAFE-49BC-91FE-4BF971A340A5}.Release|Any CPU.Build.0 = Release|Any CPU
	EndGlobalSection
	GlobalSection(SolutionProperties) = preSolution
		HideSolutionNode = FALSE
	EndGlobalSection
	GlobalSection(ExtensibilityGlobals) = postSolution
		SolutionGuid = {3F6CE22A-FA95-4247-A97E-5B424529F183}
	EndGlobalSection
EndGlobal
